
Microsoft Visual Studio Solution File, Format Version 12.00
# Visual Studio Version 17
VisualStudioVersion = 17.0.31903.59
MinimumVisualStudioVersion = 10.0.40219.1
Project("{2150E333-8FDC-42A3-9474-1A3956D46DE8}") = "src", "src", "{177999C0-5C9C-417A-AB47-9AB413BA90EF}"
EndProject
Project("{FAE04EC0-301F-11D3-BF4B-00C04F79EFBC}") = "SystemCare", "src\SystemCare\SystemCare.csproj", "{FABC995D-E2DB-4069-97AF-543CC2A71B21}"
EndProject
Global
	GlobalSection(SolutionConfigurationPlatforms) = preSolution
		Debug|Any CPU = Debug|Any CPU
		Release|Any CPU = Release|Any CPU
	EndGlobalSection
	GlobalSection(SolutionProperties) = preSolution
		HideSolutionNode = FALSE
	EndGlobalSection
	GlobalSection(ProjectConfigurationPlatforms) = postSolution
		{FABC995D-E2DB-4069-97AF-543CC2A71B21}.Debug|Any CPU.ActiveCfg = Debug|Any CPU
		{FABC995D-E2DB-4069-97AF-543CC2A71B21}.Debug|Any CPU.Build.0 = Debug|Any CPU
		{FABC995D-E2DB-4069-97AF-543CC2A71B21}.Release|Any CPU.ActiveCfg = Release|Any CPU
		{FABC995D-E2DB-4069-97AF-543CC2A71B21}.Release|Any CPU.Build.0 = Release|Any CPU
	EndGlobalSection
	GlobalSection(NestedProjects) = preSolution
		{FABC995D-E2DB-4069-97AF-543CC2A71B21} = {177999C0-5C9C-417A-AB47-9AB413BA90EF}
	EndGlobalSection
EndGlobal
